
Microsoft Visual Studio Solution File, Format Version 12.00
# Visual Studio 15
VisualStudioVersion = 15.0.27004.2009
MinimumVisualStudioVersion = 10.0.40219.1
Project("{FAE04EC0-301F-11D3-BF4B-00C04F79EFBC}") = "iDashData", "iDashData\iDashData.csproj", "{03730F17-F283-4D66-BB4C-D68FB142DAE8}"
EndProject
Project("{FAE04EC0-301F-11D3-BF4B-00C04F79EFBC}") = "iDashData.Test", "iDashData.Test\iDashData.Test.csproj", "{3FBE8382-334A-4AD7-8712-AA163FF468A2}"
EndProject
Global
	GlobalSection(SolutionConfigurationPlatforms) = preSolution
		Debug|Any CPU = Debug|Any CPU
		Release|Any CPU = Release|Any CPU
	EndGlobalSection
	GlobalSection(ProjectConfigurationPlatforms) = postSolution
		{03730F17-F283-4D66-BB4C-D68FB142DAE8}.Debug|Any CPU.ActiveCfg = Debug|Any CPU
		{03730F17-F283-4D66-BB4C-D68FB142DAE8}.Debug|Any CPU.Build.0 = Debug|Any CPU
		{03730F17-F283-4D66-BB4C-D68FB142DAE8}.Release|Any CPU.ActiveCfg = Release|Any CPU
		{03730F17-F283-4D66-BB4C-D68FB142DAE8}.Release|Any CPU.Build.0 = Release|Any CPU
		{3FBE8382-334A-4AD7-8712-AA163FF468A2}.Debug|Any CPU.ActiveCfg = Debug|Any CPU
		{3FBE8382-334A-4AD7-8712-AA163FF468A2}.Debug|Any CPU.Build.0 = Debug|Any CPU
		{3FBE8382-334A-4AD7-8712-AA163FF468A2}.Release|Any CPU.ActiveCfg = Release|Any CPU
		{3FBE8382-334A-4AD7-8712-AA163FF468A2}.Release|Any CPU.Build.0 = Release|Any CPU
	EndGlobalSection
	GlobalSection(SolutionProperties) = preSolution
		HideSolutionNode = FALSE
	EndGlobalSection
	GlobalSection(ExtensibilityGlobals) = postSolution
		SolutionGuid = {BC424BB8-6553-40BC-B294-4445031DE2D7}
	EndGlobalSection
EndGlobal
